<?xml version="1.0" encoding="utf-8"?>
<Project ToolsVersion="4.0" xmlns="http://schemas.microsoft.com/developer/msbuild/2003">
  <ItemGroup>
    <Filter Include="Source Files">
      <UniqueIdentifier>{4FC737F1-C7A5-4376-A066-2A32D752A2FF}</UniqueIdentifier>
      <Extensions>cpp;c;cc;cxx;def;odl;idl;hpj;bat;asm;asmx</Extensions>
    </Filter>
    <Filter Include="Header Files">
      <UniqueIdentifier>{93995380-89BD-4b04-88EB-625FBE52EBFB}</UniqueIdentifier>
      <Extensions>h;hpp;hxx;hm;inl;inc;xsd</Extensions>
    </Filter>
    <Filter Include="Resource Files">
      <UniqueIdentifier>{67DA6AB6-F800-4c08-8B7A-83BB121AAD01}</UniqueIdentifier>
      <Extensions>rc;ico;cur;bmp;dlg;rc2;rct;bin;rgs;gif;jpg;jpeg;jpe;resx;tiff;tif;png;wav;mfcribbon-ms</Extensions>
    </Filter>
  </ItemGroup>
  <ItemGroup>
    <None Include="ReadMe.txt" />
  </ItemGroup>
  <ItemGroup>
    <ClInclude Include="stdafx.h">
      <Filter>Header Files</Filter>
    </ClInclude>
    <ClInclude Include="targetver.h">
      <Filter>Header Files</Filter>
    </ClInclude>
    <ClInclude Include="camera_calibration.h">
      <Filter>Header Files</Filter>
    </ClInclude>
    <ClInclude Include="Settings.h">
      <Filter>Header Files</Filter>
    </ClInclude>
    <ClInclude Include="Camera.h">
      <Filter>Header Files</Filter>
    </ClInclude>
    <ClInclude Include="Photo.h">
      <Filter>Header Files</Filter>
    </ClInclude>
    <ClInclude Include="Point.h">
      <Filter>Header Files</Filter>
    </ClInclude>
    <ClInclude Include="PhotoSet.h">
      <Filter>Header Files</Filter>
    </ClInclude>
    <ClInclude Include="DetectFeatures.h">
      <Filter>Header Files</Filter>
    </ClInclude>
    <ClInclude Include="Dog.h">
      <Filter>Header Files</Filter>
    </ClInclude>
    <ClInclude Include="Harris.h">
      <Filter>Header Files</Filter>
    </ClInclude>
    <ClInclude Include="Detector.h">
      <Filter>Header Files</Filter>
    </ClInclude>
    <ClInclude Include="Patch.h">
      <Filter>Header Files</Filter>
    </ClInclude>
    <ClInclude Include="InitialMatcher.h">
      <Filter>Header Files</Filter>
    </ClInclude>
    <ClInclude Include="Reconstructor.h">
      <Filter>Header Files</Filter>
    </ClInclude>
    <ClInclude Include="PatchOrganizer.h">
      <Filter>Header Files</Filter>
    </ClInclude>
    <ClInclude Include="MatLib.h">
      <Filter>Header Files</Filter>
    </ClInclude>
    <ClInclude Include="Optimization.h">
      <Filter>Header Files</Filter>
    </ClInclude>
    <ClInclude Include="lmcurve.h">
      <Filter>Header Files</Filter>
    </ClInclude>
    <ClInclude Include="lmmin.h">
      <Filter>Header Files</Filter>
    </ClInclude>
  </ItemGroup>
  <ItemGroup>
    <ClCompile Include="stdafx.cpp">
      <Filter>Source Files</Filter>
    </ClCompile>
    <ClCompile Include="camera_calibration.cpp">
      <Filter>Source Files</Filter>
    </ClCompile>
    <ClCompile Include="Settings.cpp">
      <Filter>Source Files</Filter>
    </ClCompile>
    <ClCompile Include="Camera.cpp">
      <Filter>Source Files</Filter>
    </ClCompile>
    <ClCompile Include="Photo.cpp">
      <Filter>Source Files</Filter>
    </ClCompile>
    <ClCompile Include="Point.cpp">
      <Filter>Source Files</Filter>
    </ClCompile>
    <ClCompile Include="PhotoSet.cpp">
      <Filter>Source Files</Filter>
    </ClCompile>
    <ClCompile Include="DetectFeatures.cpp">
      <Filter>Source Files</Filter>
    </ClCompile>
    <ClCompile Include="Dog.cpp">
      <Filter>Source Files</Filter>
    </ClCompile>
    <ClCompile Include="Harris.cpp">
      <Filter>Source Files</Filter>
    </ClCompile>
    <ClCompile Include="Detector.cpp">
      <Filter>Source Files</Filter>
    </ClCompile>
    <ClCompile Include="Patch.cpp">
      <Filter>Source Files</Filter>
    </ClCompile>
    <ClCompile Include="InitialMatcher.cpp">
      <Filter>Source Files</Filter>
    </ClCompile>
    <ClCompile Include="Main.cpp">
      <Filter>Source Files</Filter>
    </ClCompile>
    <ClCompile Include="Reconstructor.cpp">
      <Filter>Source Files</Filter>
    </ClCompile>
    <ClCompile Include="PatchOrganizer.cpp">
      <Filter>Source Files</Filter>
    </ClCompile>
    <ClCompile Include="Optimization.cpp">
      <Filter>Source Files</Filter>
    </ClCompile>
    <ClCompile Include="lmcurve.c">
      <Filter>Source Files</Filter>
    </ClCompile>
    <ClCompile Include="lmmin.c">
      <Filter>Source Files</Filter>
    </ClCompile>
  </ItemGroup>
  <ItemGroup>
    <ResourceCompile Include="MVS.rc">
      <Filter>Resource Files</Filter>
    </ResourceCompile>
  </ItemGroup>
</Project>